
Microsoft Visual Studio Solution File, Format Version 12.00
# Visual Studio Version 17
VisualStudioVersion = 17.4.33213.308
MinimumVisualStudioVersion = 10.0.40219.1
Project("{9A19103F-16F7-4668-BE54-9A1E7A4F7556}") = "DanceSchool", "DanceSchool\DanceSchool.csproj", "{B465DB3A-25B5-43D8-874A-54F8E428C815}"
EndProject
Global
	GlobalSection(SolutionConfigurationPlatforms) = preSolution
		Debug|Any CPU = Debug|Any CPU
		Release|Any CPU = Release|Any CPU
	EndGlobalSection
	GlobalSection(ProjectConfigurationPlatforms) = postSolution
		{B465DB3A-25B5-43D8-874A-54F8E428C815}.Debug|Any CPU.ActiveCfg = Debug|Any CPU
		{B465DB3A-25B5-43D8-874A-54F8E428C815}.Debug|Any CPU.Build.0 = Debug|Any CPU
		{B465DB3A-25B5-43D8-874A-54F8E428C815}.Release|Any CPU.ActiveCfg = Release|Any CPU
		{B465DB3A-25B5-43D8-874A-54F8E428C815}.Release|Any CPU.Build.0 = Release|Any CPU
	EndGlobalSection
	GlobalSection(SolutionProperties) = preSolution
		HideSolutionNode = FALSE
	EndGlobalSection
	GlobalSection(ExtensibilityGlobals) = postSolution
		SolutionGuid = {63DF1FB0-BC78-4F61-A57C-17AC696DB93F}
	EndGlobalSection
EndGlobal
